
Microsoft Visual Studio Solution File, Format Version 12.00
# Visual Studio 15
VisualStudioVersion = 15.0.27130.2036
MinimumVisualStudioVersion = 10.0.40219.1
Project("{FAE04EC0-301F-11D3-BF4B-00C04F79EFBC}") = "CharacterCreator.Winforms", "CharacterCreator.Winforms\CharacterCreator.Winforms.csproj", "{A670EDE4-C3D2-4B1C-BDCC-3BA3F4F77E0B}"
EndProject
Project("{FAE04EC0-301F-11D3-BF4B-00C04F79EFBC}") = "CharacterCreator", "CharacterCreator\CharacterCreator.csproj", "{0D6F9B25-57B2-4502-A74E-48A9C1CFC218}"
EndProject
Global
	GlobalSection(SolutionConfigurationPlatforms) = preSolution
		Debug|Any CPU = Debug|Any CPU
		Release|Any CPU = Release|Any CPU
	EndGlobalSection
	GlobalSection(ProjectConfigurationPlatforms) = postSolution
		{A670EDE4-C3D2-4B1C-BDCC-3BA3F4F77E0B}.Debug|Any CPU.ActiveCfg = Debug|Any CPU
		{A670EDE4-C3D2-4B1C-BDCC-3BA3F4F77E0B}.Debug|Any CPU.Build.0 = Debug|Any CPU
		{A670EDE4-C3D2-4B1C-BDCC-3BA3F4F77E0B}.Release|Any CPU.ActiveCfg = Release|Any CPU
		{A670EDE4-C3D2-4B1C-BDCC-3BA3F4F77E0B}.Release|Any CPU.Build.0 = Release|Any CPU
		{0D6F9B25-57B2-4502-A74E-48A9C1CFC218}.Debug|Any CPU.ActiveCfg = Debug|Any CPU
		{0D6F9B25-57B2-4502-A74E-48A9C1CFC218}.Debug|Any CPU.Build.0 = Debug|Any CPU
		{0D6F9B25-57B2-4502-A74E-48A9C1CFC218}.Release|Any CPU.ActiveCfg = Release|Any CPU
		{0D6F9B25-57B2-4502-A74E-48A9C1CFC218}.Release|Any CPU.Build.0 = Release|Any CPU
	EndGlobalSection
	GlobalSection(SolutionProperties) = preSolution
		HideSolutionNode = FALSE
	EndGlobalSection
	GlobalSection(ExtensibilityGlobals) = postSolution
		SolutionGuid = {69ACE398-9809-4DD4-B0F2-2494792DA2AA}
	EndGlobalSection
EndGlobal
