
Microsoft Visual Studio Solution File, Format Version 12.00
# Visual Studio 15
VisualStudioVersion = 15.0.27130.2036
MinimumVisualStudioVersion = 10.0.40219.1
Project("{FAE04EC0-301F-11D3-BF4B-00C04F79EFBC}") = "Section 1", "Section 1\Section 1.csproj", "{801F5057-2B34-4B6E-9ADE-77B772ACE244}"
EndProject
Global
	GlobalSection(SolutionConfigurationPlatforms) = preSolution
		Debug|Any CPU = Debug|Any CPU
		Release|Any CPU = Release|Any CPU
	EndGlobalSection
	GlobalSection(ProjectConfigurationPlatforms) = postSolution
		{801F5057-2B34-4B6E-9ADE-77B772ACE244}.Debug|Any CPU.ActiveCfg = Debug|Any CPU
		{801F5057-2B34-4B6E-9ADE-77B772ACE244}.Debug|Any CPU.Build.0 = Debug|Any CPU
		{801F5057-2B34-4B6E-9ADE-77B772ACE244}.Release|Any CPU.ActiveCfg = Release|Any CPU
		{801F5057-2B34-4B6E-9ADE-77B772ACE244}.Release|Any CPU.Build.0 = Release|Any CPU
	EndGlobalSection
	GlobalSection(SolutionProperties) = preSolution
		HideSolutionNode = FALSE
	EndGlobalSection
	GlobalSection(ExtensibilityGlobals) = postSolution
		SolutionGuid = {EBA9105D-8229-4FEA-A057-4018CC04A2CE}
	EndGlobalSection
EndGlobal
