
Microsoft Visual Studio Solution File, Format Version 12.00
# Visual Studio 15
VisualStudioVersion = 15.0.27130.2036
MinimumVisualStudioVersion = 10.0.40219.1
Project("{FAE04EC0-301F-11D3-BF4B-00C04F79EFBC}") = "PizzaCreator", "PizzaCreator\PizzaCreator.csproj", "{4357E531-B922-4F3A-A05C-927EC10A40A8}"
EndProject
Global
	GlobalSection(SolutionConfigurationPlatforms) = preSolution
		Debug|Any CPU = Debug|Any CPU
		Release|Any CPU = Release|Any CPU
	EndGlobalSection
	GlobalSection(ProjectConfigurationPlatforms) = postSolution
		{4357E531-B922-4F3A-A05C-927EC10A40A8}.Debug|Any CPU.ActiveCfg = Debug|Any CPU
		{4357E531-B922-4F3A-A05C-927EC10A40A8}.Debug|Any CPU.Build.0 = Debug|Any CPU
		{4357E531-B922-4F3A-A05C-927EC10A40A8}.Release|Any CPU.ActiveCfg = Release|Any CPU
		{4357E531-B922-4F3A-A05C-927EC10A40A8}.Release|Any CPU.Build.0 = Release|Any CPU
	EndGlobalSection
	GlobalSection(SolutionProperties) = preSolution
		HideSolutionNode = FALSE
	EndGlobalSection
	GlobalSection(ExtensibilityGlobals) = postSolution
		SolutionGuid = {FF3F1C7B-2F8E-402C-A2FB-DE7540F5F16D}
	EndGlobalSection
EndGlobal
